
Microsoft Visual Studio Solution File, Format Version 12.00
# Visual Studio 14
VisualStudioVersion = 14.0.25420.1
MinimumVisualStudioVersion = 10.0.40219.1
Project("{FAE04EC0-301F-11D3-BF4B-00C04F79EFBC}") = "SignalRChat", "SignalRChat\SignalRChat\SignalRChat.csproj", "{CF3A2BC3-7205-45AC-B4AF-93461CB44791}"
EndProject
Project("{FAE04EC0-301F-11D3-BF4B-00C04F79EFBC}") = "SignalRChat.Android", "SignalRChat\SignalRChat.Android\SignalRChat.Android.csproj", "{EFC8C64B-0B0E-4AEF-8904-0B48754046BD}"
EndProject
Project("{FAE04EC0-301F-11D3-BF4B-00C04F79EFBC}") = "SignalRChat.iOS", "SignalRChat\SignalRChat.iOS\SignalRChat.iOS.csproj", "{D810B085-E00A-465E-A90F-749A041F4D06}"
EndProject
Project("{FAE04EC0-301F-11D3-BF4B-00C04F79EFBC}") = "SignalRChat.WinPhone", "SignalRChat\SignalRChat.WinPhone\SignalRChat.WinPhone.csproj", "{89C71423-EBD8-4193-B390-468FB64D3EDA}"
EndProject
Project("{FAE04EC0-301F-11D3-BF4B-00C04F79EFBC}") = "SignalRChat.UWP", "SignalRChat\SignalRChat.UWP\SignalRChat.UWP.csproj", "{8F5E05B4-03F9-4F0B-9B3E-52FF64FFD41A}"
EndProject
Project("{FAE04EC0-301F-11D3-BF4B-00C04F79EFBC}") = "SignalRChat.Windows", "SignalRChat\SignalRChat.Windows\SignalRChat.Windows.csproj", "{E420FC23-19A0-4D16-9A40-ECBCBA77F1E7}"
EndProject
Project("{2150E333-8FDC-42A3-9474-1A3956D46DE8}") = "Server", "Server", "{8B495A25-FA96-45E5-921F-A4A53C9CB6C9}"
EndProject
Project("{2150E333-8FDC-42A3-9474-1A3956D46DE8}") = "Clients", "Clients", "{963C9C0A-32EC-44DF-89F3-9E92CF63F3F7}"
EndProject
Project("{FAE04EC0-301F-11D3-BF4B-00C04F79EFBC}") = "SignalRChat.Web", "SignalRChat\SignalRChat.Web\SignalRChat.Web.csproj", "{BF306792-DC53-411C-8C4E-966EF6AF09BB}"
EndProject
Global
	GlobalSection(SolutionConfigurationPlatforms) = preSolution
		Ad-Hoc|Any CPU = Ad-Hoc|Any CPU
		Ad-Hoc|ARM = Ad-Hoc|ARM
		Ad-Hoc|iPhone = Ad-Hoc|iPhone
		Ad-Hoc|iPhoneSimulator = Ad-Hoc|iPhoneSimulator
		Ad-Hoc|x64 = Ad-Hoc|x64
		Ad-Hoc|x86 = Ad-Hoc|x86
		AppStore|Any CPU = AppStore|Any CPU
		AppStore|ARM = AppStore|ARM
		AppStore|iPhone = AppStore|iPhone
		AppStore|iPhoneSimulator = AppStore|iPhoneSimulator
		AppStore|x64 = AppStore|x64
		AppStore|x86 = AppStore|x86
		Debug|Any CPU = Debug|Any CPU
		Debug|ARM = Debug|ARM
		Debug|iPhone = Debug|iPhone
		Debug|iPhoneSimulator = Debug|iPhoneSimulator
		Debug|x64 = Debug|x64
		Debug|x86 = Debug|x86
		Release|Any CPU = Release|Any CPU
		Release|ARM = Release|ARM
		Release|iPhone = Release|iPhone
		Release|iPhoneSimulator = Release|iPhoneSimulator
		Release|x64 = Release|x64
		Release|x86 = Release|x86
	EndGlobalSection
	GlobalSection(ProjectConfigurationPlatforms) = postSolution
		{CF3A2BC3-7205-45AC-B4AF-93461CB44791}.Ad-Hoc|Any CPU.ActiveCfg = Release|Any CPU
		{CF3A2BC3-7205-45AC-B4AF-93461CB44791}.Ad-Hoc|Any CPU.Build.0 = Release|Any CPU
		{CF3A2BC3-7205-45AC-B4AF-93461CB44791}.Ad-Hoc|ARM.ActiveCfg = Release|Any CPU
		{CF3A2BC3-7205-45AC-B4AF-93461CB44791}.Ad-Hoc|ARM.Build.0 = Release|Any CPU
		{CF3A2BC3-7205-45AC-B4AF-93461CB44791}.Ad-Hoc|iPhone.ActiveCfg = Release|Any CPU
		{CF3A2BC3-7205-45AC-B4AF-93461CB44791}.Ad-Hoc|iPhone.Build.0 = Release|Any CPU
		{CF3A2BC3-7205-45AC-B4AF-93461CB44791}.Ad-Hoc|iPhoneSimulator.ActiveCfg = Release|Any CPU
		{CF3A2BC3-7205-45AC-B4AF-93461CB44791}.Ad-Hoc|iPhoneSimulator.Build.0 = Release|Any CPU
		{CF3A2BC3-7205-45AC-B4AF-93461CB44791}.Ad-Hoc|x64.ActiveCfg = Release|Any CPU
		{CF3A2BC3-7205-45AC-B4AF-93461CB44791}.Ad-Hoc|x64.Build.0 = Release|Any CPU
		{CF3A2BC3-7205-45AC-B4AF-93461CB44791}.Ad-Hoc|x86.ActiveCfg = Release|Any CPU
		{CF3A2BC3-7205-45AC-B4AF-93461CB44791}.Ad-Hoc|x86.Build.0 = Release|Any CPU
		{CF3A2BC3-7205-45AC-B4AF-93461CB44791}.AppStore|Any CPU.ActiveCfg = Release|Any CPU
		{CF3A2BC3-7205-45AC-B4AF-93461CB44791}.AppStore|Any CPU.Build.0 = Release|Any CPU
		{CF3A2BC3-7205-45AC-B4AF-93461CB44791}.AppStore|ARM.ActiveCfg = Release|Any CPU
		{CF3A2BC3-7205-45AC-B4AF-93461CB44791}.AppStore|ARM.Build.0 = Release|Any CPU
		{CF3A2BC3-7205-45AC-B4AF-93461CB44791}.AppStore|iPhone.ActiveCfg = Release|Any CPU
		{CF3A2BC3-7205-45AC-B4AF-93461CB44791}.AppStore|iPhone.Build.0 = Release|Any CPU
		{CF3A2BC3-7205-45AC-B4AF-93461CB44791}.AppStore|iPhoneSimulator.ActiveCfg = Release|Any CPU
		{CF3A2BC3-7205-45AC-B4AF-93461CB44791}.AppStore|iPhoneSimulator.Build.0 = Release|Any CPU
		{CF3A2BC3-7205-45AC-B4AF-93461CB44791}.AppStore|x64.ActiveCfg = Release|Any CPU
		{CF3A2BC3-7205-45AC-B4AF-93461CB44791}.AppStore|x64.Build.0 = Release|Any CPU
		{CF3A2BC3-7205-45AC-B4AF-93461CB44791}.AppStore|x86.ActiveCfg = Release|Any CPU
		{CF3A2BC3-7205-45AC-B4AF-93461CB44791}.AppStore|x86.Build.0 = Release|Any CPU
		{CF3A2BC3-7205-45AC-B4AF-93461CB44791}.Debug|Any CPU.ActiveCfg = Debug|Any CPU
		{CF3A2BC3-7205-45AC-B4AF-93461CB44791}.Debug|Any CPU.Build.0 = Debug|Any CPU
		{CF3A2BC3-7205-45AC-B4AF-93461CB44791}.Debug|ARM.ActiveCfg = Debug|Any CPU
		{CF3A2BC3-7205-45AC-B4AF-93461CB44791}.Debug|ARM.Build.0 = Debug|Any CPU
		{CF3A2BC3-7205-45AC-B4AF-93461CB44791}.Debug|iPhone.ActiveCfg = Debug|Any CPU
		{CF3A2BC3-7205-45AC-B4AF-93461CB44791}.Debug|iPhone.Build.0 = Debug|Any CPU
		{CF3A2BC3-7205-45AC-B4AF-93461CB44791}.Debug|iPhoneSimulator.ActiveCfg = Debug|Any CPU
		{CF3A2BC3-7205-45AC-B4AF-93461CB44791}.Debug|iPhoneSimulator.Build.0 = Debug|Any CPU
		{CF3A2BC3-7205-45AC-B4AF-93461CB44791}.Debug|x64.ActiveCfg = Debug|Any CPU
		{CF3A2BC3-7205-45AC-B4AF-93461CB44791}.Debug|x64.Build.0 = Debug|Any CPU
		{CF3A2BC3-7205-45AC-B4AF-93461CB44791}.Debug|x86.ActiveCfg = Debug|Any CPU
		{CF3A2BC3-7205-45AC-B4AF-93461CB44791}.Debug|x86.Build.0 = Debug|Any CPU
		{CF3A2BC3-7205-45AC-B4AF-93461CB44791}.Release|Any CPU.ActiveCfg = Release|Any CPU
		{CF3A2BC3-7205-45AC-B4AF-93461CB44791}.Release|Any CPU.Build.0 = Release|Any CPU
		{CF3A2BC3-7205-45AC-B4AF-93461CB44791}.Release|ARM.ActiveCfg = Release|Any CPU
		{CF3A2BC3-7205-45AC-B4AF-93461CB44791}.Release|ARM.Build.0 = Release|Any CPU
		{CF3A2BC3-7205-45AC-B4AF-93461CB44791}.Release|iPhone.ActiveCfg = Release|Any CPU
		{CF3A2BC3-7205-45AC-B4AF-93461CB44791}.Release|iPhone.Build.0 = Release|Any CPU
		{CF3A2BC3-7205-45AC-B4AF-93461CB44791}.Release|iPhoneSimulator.ActiveCfg = Release|Any CPU
		{CF3A2BC3-7205-45AC-B4AF-93461CB44791}.Release|iPhoneSimulator.Build.0 = Release|Any CPU
		{CF3A2BC3-7205-45AC-B4AF-93461CB44791}.Release|x64.ActiveCfg = Release|Any CPU
		{CF3A2BC3-7205-45AC-B4AF-93461CB44791}.Release|x64.Build.0 = Release|Any CPU
		{CF3A2BC3-7205-45AC-B4AF-93461CB44791}.Release|x86.ActiveCfg = Release|Any CPU
		{CF3A2BC3-7205-45AC-B4AF-93461CB44791}.Release|x86.Build.0 = Release|Any CPU
		{EFC8C64B-0B0E-4AEF-8904-0B48754046BD}.Ad-Hoc|Any CPU.ActiveCfg = Release|Any CPU
		{EFC8C64B-0B0E-4AEF-8904-0B48754046BD}.Ad-Hoc|Any CPU.Build.0 = Release|Any CPU
		{EFC8C64B-0B0E-4AEF-8904-0B48754046BD}.Ad-Hoc|Any CPU.Deploy.0 = Release|Any CPU
		{EFC8C64B-0B0E-4AEF-8904-0B48754046BD}.Ad-Hoc|ARM.ActiveCfg = Release|Any CPU
		{EFC8C64B-0B0E-4AEF-8904-0B48754046BD}.Ad-Hoc|ARM.Build.0 = Release|Any CPU
		{EFC8C64B-0B0E-4AEF-8904-0B48754046BD}.Ad-Hoc|ARM.Deploy.0 = Release|Any CPU
		{EFC8C64B-0B0E-4AEF-8904-0B48754046BD}.Ad-Hoc|iPhone.ActiveCfg = Release|Any CPU
		{EFC8C64B-0B0E-4AEF-8904-0B48754046BD}.Ad-Hoc|iPhone.Build.0 = Release|Any CPU
		{EFC8C64B-0B0E-4AEF-8904-0B48754046BD}.Ad-Hoc|iPhone.Deploy.0 = Release|Any CPU
		{EFC8C64B-0B0E-4AEF-8904-0B48754046BD}.Ad-Hoc|iPhoneSimulator.ActiveCfg = Release|Any CPU
		{EFC8C64B-0B0E-4AEF-8904-0B48754046BD}.Ad-Hoc|iPhoneSimulator.Build.0 = Release|Any CPU
		{EFC8C64B-0B0E-4AEF-8904-0B48754046BD}.Ad-Hoc|iPhoneSimulator.Deploy.0 = Release|Any CPU
		{EFC8C64B-0B0E-4AEF-8904-0B48754046BD}.Ad-Hoc|x64.ActiveCfg = Release|Any CPU
		{EFC8C64B-0B0E-4AEF-8904-0B48754046BD}.Ad-Hoc|x64.Build.0 = Release|Any CPU
		{EFC8C64B-0B0E-4AEF-8904-0B48754046BD}.Ad-Hoc|x64.Deploy.0 = Release|Any CPU
		{EFC8C64B-0B0E-4AEF-8904-0B48754046BD}.Ad-Hoc|x86.ActiveCfg = Release|Any CPU
		{EFC8C64B-0B0E-4AEF-8904-0B48754046BD}.Ad-Hoc|x86.Build.0 = Release|Any CPU
		{EFC8C64B-0B0E-4AEF-8904-0B48754046BD}.Ad-Hoc|x86.Deploy.0 = Release|Any CPU
		{EFC8C64B-0B0E-4AEF-8904-0B48754046BD}.AppStore|Any CPU.ActiveCfg = Release|Any CPU
		{EFC8C64B-0B0E-4AEF-8904-0B48754046BD}.AppStore|Any CPU.Build.0 = Release|Any CPU
		{EFC8C64B-0B0E-4AEF-8904-0B48754046BD}.AppStore|Any CPU.Deploy.0 = Release|Any CPU
		{EFC8C64B-0B0E-4AEF-8904-0B48754046BD}.AppStore|ARM.ActiveCfg = Release|Any CPU
		{EFC8C64B-0B0E-4AEF-8904-0B48754046BD}.AppStore|ARM.Build.0 = Release|Any CPU
		{EFC8C64B-0B0E-4AEF-8904-0B48754046BD}.AppStore|ARM.Deploy.0 = Release|Any CPU
		{EFC8C64B-0B0E-4AEF-8904-0B48754046BD}.AppStore|iPhone.ActiveCfg = Release|Any CPU
		{EFC8C64B-0B0E-4AEF-8904-0B48754046BD}.AppStore|iPhone.Build.0 = Release|Any CPU
		{EFC8C64B-0B0E-4AEF-8904-0B48754046BD}.AppStore|iPhone.Deploy.0 = Release|Any CPU
		{EFC8C64B-0B0E-4AEF-8904-0B48754046BD}.AppStore|iPhoneSimulator.ActiveCfg = Release|Any CPU
		{EFC8C64B-0B0E-4AEF-8904-0B48754046BD}.AppStore|iPhoneSimulator.Build.0 = Release|Any CPU
		{EFC8C64B-0B0E-4AEF-8904-0B48754046BD}.AppStore|iPhoneSimulator.Deploy.0 = Release|Any CPU
		{EFC8C64B-0B0E-4AEF-8904-0B48754046BD}.AppStore|x64.ActiveCfg = Release|Any CPU
		{EFC8C64B-0B0E-4AEF-8904-0B48754046BD}.AppStore|x64.Build.0 = Release|Any CPU
		{EFC8C64B-0B0E-4AEF-8904-0B48754046BD}.AppStore|x64.Deploy.0 = Release|Any CPU
		{EFC8C64B-0B0E-4AEF-8904-0B48754046BD}.AppStore|x86.ActiveCfg = Release|Any CPU
		{EFC8C64B-0B0E-4AEF-8904-0B48754046BD}.AppStore|x86.Build.0 = Release|Any CPU
		{EFC8C64B-0B0E-4AEF-8904-0B48754046BD}.AppStore|x86.Deploy.0 = Release|Any CPU
		{EFC8C64B-0B0E-4AEF-8904-0B48754046BD}.Debug|Any CPU.ActiveCfg = Debug|Any CPU
		{EFC8C64B-0B0E-4AEF-8904-0B48754046BD}.Debug|Any CPU.Build.0 = Debug|Any CPU
		{EFC8C64B-0B0E-4AEF-8904-0B48754046BD}.Debug|Any CPU.Deploy.0 = Debug|Any CPU
		{EFC8C64B-0B0E-4AEF-8904-0B48754046BD}.Debug|ARM.ActiveCfg = Debug|Any CPU
		{EFC8C64B-0B0E-4AEF-8904-0B48754046BD}.Debug|ARM.Build.0 = Debug|Any CPU
		{EFC8C64B-0B0E-4AEF-8904-0B48754046BD}.Debug|ARM.Deploy.0 = Debug|Any CPU
		{EFC8C64B-0B0E-4AEF-8904-0B48754046BD}.Debug|iPhone.ActiveCfg = Debug|Any CPU
		{EFC8C64B-0B0E-4AEF-8904-0B48754046BD}.Debug|iPhone.Build.0 = Debug|Any CPU
		{EFC8C64B-0B0E-4AEF-8904-0B48754046BD}.Debug|iPhone.Deploy.0 = Debug|Any CPU
		{EFC8C64B-0B0E-4AEF-8904-0B48754046BD}.Debug|iPhoneSimulator.ActiveCfg = Debug|Any CPU
		{EFC8C64B-0B0E-4AEF-8904-0B48754046BD}.Debug|iPhoneSimulator.Build.0 = Debug|Any CPU
		{EFC8C64B-0B0E-4AEF-8904-0B48754046BD}.Debug|iPhoneSimulator.Deploy.0 = Debug|Any CPU
		{EFC8C64B-0B0E-4AEF-8904-0B48754046BD}.Debug|x64.ActiveCfg = Debug|Any CPU
		{EFC8C64B-0B0E-4AEF-8904-0B48754046BD}.Debug|x64.Build.0 = Debug|Any CPU
		{EFC8C64B-0B0E-4AEF-8904-0B48754046BD}.Debug|x64.Deploy.0 = Debug|Any CPU
		{EFC8C64B-0B0E-4AEF-8904-0B48754046BD}.Debug|x86.ActiveCfg = Debug|Any CPU
		{EFC8C64B-0B0E-4AEF-8904-0B48754046BD}.Debug|x86.Build.0 = Debug|Any CPU
		{EFC8C64B-0B0E-4AEF-8904-0B48754046BD}.Debug|x86.Deploy.0 = Debug|Any CPU
		{EFC8C64B-0B0E-4AEF-8904-0B48754046BD}.Release|Any CPU.ActiveCfg = Release|Any CPU
		{EFC8C64B-0B0E-4AEF-8904-0B48754046BD}.Release|Any CPU.Build.0 = Release|Any CPU
		{EFC8C64B-0B0E-4AEF-8904-0B48754046BD}.Release|Any CPU.Deploy.0 = Release|Any CPU
		{EFC8C64B-0B0E-4AEF-8904-0B48754046BD}.Release|ARM.ActiveCfg = Release|Any CPU
		{EFC8C64B-0B0E-4AEF-8904-0B48754046BD}.Release|ARM.Build.0 = Release|Any CPU
		{EFC8C64B-0B0E-4AEF-8904-0B48754046BD}.Release|ARM.Deploy.0 = Release|Any CPU
		{EFC8C64B-0B0E-4AEF-8904-0B48754046BD}.Release|iPhone.ActiveCfg = Release|Any CPU
		{EFC8C64B-0B0E-4AEF-8904-0B48754046BD}.Release|iPhone.Build.0 = Release|Any CPU
		{EFC8C64B-0B0E-4AEF-8904-0B48754046BD}.Release|iPhone.Deploy.0 = Release|Any CPU
		{EFC8C64B-0B0E-4AEF-8904-0B48754046BD}.Release|iPhoneSimulator.ActiveCfg = Release|Any CPU
		{EFC8C64B-0B0E-4AEF-8904-0B48754046BD}.Release|iPhoneSimulator.Build.0 = Release|Any CPU
		{EFC8C64B-0B0E-4AEF-8904-0B48754046BD}.Release|iPhoneSimulator.Deploy.0 = Release|Any CPU
		{EFC8C64B-0B0E-4AEF-8904-0B48754046BD}.Release|x64.ActiveCfg = Release|Any CPU
		{EFC8C64B-0B0E-4AEF-8904-0B48754046BD}.Release|x64.Build.0 = Release|Any CPU
		{EFC8C64B-0B0E-4AEF-8904-0B48754046BD}.Release|x64.Deploy.0 = Release|Any CPU
		{EFC8C64B-0B0E-4AEF-8904-0B48754046BD}.Release|x86.ActiveCfg = Release|Any CPU
		{EFC8C64B-0B0E-4AEF-8904-0B48754046BD}.Release|x86.Build.0 = Release|Any CPU
		{EFC8C64B-0B0E-4AEF-8904-0B48754046BD}.Release|x86.Deploy.0 = Release|Any CPU
		{D810B085-E00A-465E-A90F-749A041F4D06}.Ad-Hoc|Any CPU.ActiveCfg = Ad-Hoc|iPhone
		{D810B085-E00A-465E-A90F-749A041F4D06}.Ad-Hoc|ARM.ActiveCfg = Ad-Hoc|iPhone
		{D810B085-E00A-465E-A90F-749A041F4D06}.Ad-Hoc|iPhone.ActiveCfg = Ad-Hoc|iPhone
		{D810B085-E00A-465E-A90F-749A041F4D06}.Ad-Hoc|iPhone.Build.0 = Ad-Hoc|iPhone
		{D810B085-E00A-465E-A90F-749A041F4D06}.Ad-Hoc|iPhoneSimulator.ActiveCfg = Ad-Hoc|iPhoneSimulator
		{D810B085-E00A-465E-A90F-749A041F4D06}.Ad-Hoc|iPhoneSimulator.Build.0 = Ad-Hoc|iPhoneSimulator
		{D810B085-E00A-465E-A90F-749A041F4D06}.Ad-Hoc|x64.ActiveCfg = Ad-Hoc|iPhone
		{D810B085-E00A-465E-A90F-749A041F4D06}.Ad-Hoc|x86.ActiveCfg = Ad-Hoc|iPhone
		{D810B085-E00A-465E-A90F-749A041F4D06}.AppStore|Any CPU.ActiveCfg = AppStore|iPhone
		{D810B085-E00A-465E-A90F-749A041F4D06}.AppStore|ARM.ActiveCfg = AppStore|iPhone
		{D810B085-E00A-465E-A90F-749A041F4D06}.AppStore|iPhone.ActiveCfg = AppStore|iPhone
		{D810B085-E00A-465E-A90F-749A041F4D06}.AppStore|iPhone.Build.0 = AppStore|iPhone
		{D810B085-E00A-465E-A90F-749A041F4D06}.AppStore|iPhoneSimulator.ActiveCfg = AppStore|iPhoneSimulator
		{D810B085-E00A-465E-A90F-749A041F4D06}.AppStore|iPhoneSimulator.Build.0 = AppStore|iPhoneSimulator
		{D810B085-E00A-465E-A90F-749A041F4D06}.AppStore|x64.ActiveCfg = AppStore|iPhone
		{D810B085-E00A-465E-A90F-749A041F4D06}.AppStore|x86.ActiveCfg = AppStore|iPhone
		{D810B085-E00A-465E-A90F-749A041F4D06}.Debug|Any CPU.ActiveCfg = Debug|iPhone
		{D810B085-E00A-465E-A90F-749A041F4D06}.Debug|Any CPU.Build.0 = Debug|iPhone
		{D810B085-E00A-465E-A90F-749A041F4D06}.Debug|ARM.ActiveCfg = Debug|iPhone
		{D810B085-E00A-465E-A90F-749A041F4D06}.Debug|iPhone.ActiveCfg = Debug|iPhone
		{D810B085-E00A-465E-A90F-749A041F4D06}.Debug|iPhone.Build.0 = Debug|iPhone
		{D810B085-E00A-465E-A90F-749A041F4D06}.Debug|iPhoneSimulator.ActiveCfg = Debug|iPhoneSimulator
		{D810B085-E00A-465E-A90F-749A041F4D06}.Debug|iPhoneSimulator.Build.0 = Debug|iPhoneSimulator
		{D810B085-E00A-465E-A90F-749A041F4D06}.Debug|x64.ActiveCfg = Debug|iPhone
		{D810B085-E00A-465E-A90F-749A041F4D06}.Debug|x86.ActiveCfg = Debug|iPhone
		{D810B085-E00A-465E-A90F-749A041F4D06}.Release|Any CPU.ActiveCfg = Release|iPhone
		{D810B085-E00A-465E-A90F-749A041F4D06}.Release|ARM.ActiveCfg = Release|iPhone
		{D810B085-E00A-465E-A90F-749A041F4D06}.Release|iPhone.ActiveCfg = Release|iPhone
		{D810B085-E00A-465E-A90F-749A041F4D06}.Release|iPhone.Build.0 = Release|iPhone
		{D810B085-E00A-465E-A90F-749A041F4D06}.Release|iPhoneSimulator.ActiveCfg = Release|iPhoneSimulator
		{D810B085-E00A-465E-A90F-749A041F4D06}.Release|iPhoneSimulator.Build.0 = Release|iPhoneSimulator
		{D810B085-E00A-465E-A90F-749A041F4D06}.Release|x64.ActiveCfg = Release|iPhone
		{D810B085-E00A-465E-A90F-749A041F4D06}.Release|x86.ActiveCfg = Release|iPhone
		{89C71423-EBD8-4193-B390-468FB64D3EDA}.Ad-Hoc|Any CPU.ActiveCfg = Release|Any CPU
		{89C71423-EBD8-4193-B390-468FB64D3EDA}.Ad-Hoc|Any CPU.Build.0 = Release|Any CPU
		{89C71423-EBD8-4193-B390-468FB64D3EDA}.Ad-Hoc|Any CPU.Deploy.0 = Release|Any CPU
		{89C71423-EBD8-4193-B390-468FB64D3EDA}.Ad-Hoc|ARM.ActiveCfg = Release|ARM
		{89C71423-EBD8-4193-B390-468FB64D3EDA}.Ad-Hoc|ARM.Build.0 = Release|ARM
		{89C71423-EBD8-4193-B390-468FB64D3EDA}.Ad-Hoc|ARM.Deploy.0 = Release|ARM
		{89C71423-EBD8-4193-B390-468FB64D3EDA}.Ad-Hoc|iPhone.ActiveCfg = Release|Any CPU
		{89C71423-EBD8-4193-B390-468FB64D3EDA}.Ad-Hoc|iPhone.Build.0 = Release|Any CPU
		{89C71423-EBD8-4193-B390-468FB64D3EDA}.Ad-Hoc|iPhone.Deploy.0 = Release|Any CPU
		{89C71423-EBD8-4193-B390-468FB64D3EDA}.Ad-Hoc|iPhoneSimulator.ActiveCfg = Release|Any CPU
		{89C71423-EBD8-4193-B390-468FB64D3EDA}.Ad-Hoc|iPhoneSimulator.Build.0 = Release|Any CPU
		{89C71423-EBD8-4193-B390-468FB64D3EDA}.Ad-Hoc|iPhoneSimulator.Deploy.0 = Release|Any CPU
		{89C71423-EBD8-4193-B390-468FB64D3EDA}.Ad-Hoc|x64.ActiveCfg = Release|Any CPU
		{89C71423-EBD8-4193-B390-468FB64D3EDA}.Ad-Hoc|x64.Build.0 = Release|Any CPU
		{89C71423-EBD8-4193-B390-468FB64D3EDA}.Ad-Hoc|x64.Deploy.0 = Release|Any CPU
		{89C71423-EBD8-4193-B390-468FB64D3EDA}.Ad-Hoc|x86.ActiveCfg = Release|x86
		{89C71423-EBD8-4193-B390-468FB64D3EDA}.Ad-Hoc|x86.Build.0 = Release|x86
		{89C71423-EBD8-4193-B390-468FB64D3EDA}.Ad-Hoc|x86.Deploy.0 = Release|x86
		{89C71423-EBD8-4193-B390-468FB64D3EDA}.AppStore|Any CPU.ActiveCfg = Release|Any CPU
		{89C71423-EBD8-4193-B390-468FB64D3EDA}.AppStore|Any CPU.Build.0 = Release|Any CPU
		{89C71423-EBD8-4193-B390-468FB64D3EDA}.AppStore|Any CPU.Deploy.0 = Release|Any CPU
		{89C71423-EBD8-4193-B390-468FB64D3EDA}.AppStore|ARM.ActiveCfg = Release|ARM
		{89C71423-EBD8-4193-B390-468FB64D3EDA}.AppStore|ARM.Build.0 = Release|ARM
		{89C71423-EBD8-4193-B390-468FB64D3EDA}.AppStore|ARM.Deploy.0 = Release|ARM
		{89C71423-EBD8-4193-B390-468FB64D3EDA}.AppStore|iPhone.ActiveCfg = Release|Any CPU
		{89C71423-EBD8-4193-B390-468FB64D3EDA}.AppStore|iPhone.Build.0 = Release|Any CPU
		{89C71423-EBD8-4193-B390-468FB64D3EDA}.AppStore|iPhone.Deploy.0 = Release|Any CPU
		{89C71423-EBD8-4193-B390-468FB64D3EDA}.AppStore|iPhoneSimulator.ActiveCfg = Release|Any CPU
		{89C71423-EBD8-4193-B390-468FB64D3EDA}.AppStore|iPhoneSimulator.Build.0 = Release|Any CPU
		{89C71423-EBD8-4193-B390-468FB64D3EDA}.AppStore|iPhoneSimulator.Deploy.0 = Release|Any CPU
		{89C71423-EBD8-4193-B390-468FB64D3EDA}.AppStore|x64.ActiveCfg = Release|Any CPU
		{89C71423-EBD8-4193-B390-468FB64D3EDA}.AppStore|x64.Build.0 = Release|Any CPU
		{89C71423-EBD8-4193-B390-468FB64D3EDA}.AppStore|x64.Deploy.0 = Release|Any CPU
		{89C71423-EBD8-4193-B390-468FB64D3EDA}.AppStore|x86.ActiveCfg = Release|x86
		{89C71423-EBD8-4193-B390-468FB64D3EDA}.AppStore|x86.Build.0 = Release|x86
		{89C71423-EBD8-4193-B390-468FB64D3EDA}.AppStore|x86.Deploy.0 = Release|x86
		{89C71423-EBD8-4193-B390-468FB64D3EDA}.Debug|Any CPU.ActiveCfg = Debug|Any CPU
		{89C71423-EBD8-4193-B390-468FB64D3EDA}.Debug|Any CPU.Build.0 = Debug|Any CPU
		{89C71423-EBD8-4193-B390-468FB64D3EDA}.Debug|Any CPU.Deploy.0 = Debug|Any CPU
		{89C71423-EBD8-4193-B390-468FB64D3EDA}.Debug|ARM.ActiveCfg = Debug|ARM
		{89C71423-EBD8-4193-B390-468FB64D3EDA}.Debug|ARM.Build.0 = Debug|ARM
		{89C71423-EBD8-4193-B390-468FB64D3EDA}.Debug|ARM.Deploy.0 = Debug|ARM
		{89C71423-EBD8-4193-B390-468FB64D3EDA}.Debug|iPhone.ActiveCfg = Debug|Any CPU
		{89C71423-EBD8-4193-B390-468FB64D3EDA}.Debug|iPhone.Build.0 = Debug|Any CPU
		{89C71423-EBD8-4193-B390-468FB64D3EDA}.Debug|iPhone.Deploy.0 = Debug|Any CPU
		{89C71423-EBD8-4193-B390-468FB64D3EDA}.Debug|iPhoneSimulator.ActiveCfg = Debug|Any CPU
		{89C71423-EBD8-4193-B390-468FB64D3EDA}.Debug|iPhoneSimulator.Build.0 = Debug|Any CPU
		{89C71423-EBD8-4193-B390-468FB64D3EDA}.Debug|iPhoneSimulator.Deploy.0 = Debug|Any CPU
		{89C71423-EBD8-4193-B390-468FB64D3EDA}.Debug|x64.ActiveCfg = Debug|Any CPU
		{89C71423-EBD8-4193-B390-468FB64D3EDA}.Debug|x64.Build.0 = Debug|Any CPU
		{89C71423-EBD8-4193-B390-468FB64D3EDA}.Debug|x64.Deploy.0 = Debug|Any CPU
		{89C71423-EBD8-4193-B390-468FB64D3EDA}.Debug|x86.ActiveCfg = Debug|x86
		{89C71423-EBD8-4193-B390-468FB64D3EDA}.Debug|x86.Build.0 = Debug|x86
		{89C71423-EBD8-4193-B390-468FB64D3EDA}.Debug|x86.Deploy.0 = Debug|x86
		{89C71423-EBD8-4193-B390-468FB64D3EDA}.Release|Any CPU.ActiveCfg = Release|Any CPU
		{89C71423-EBD8-4193-B390-468FB64D3EDA}.Release|Any CPU.Build.0 = Release|Any CPU
		{89C71423-EBD8-4193-B390-468FB64D3EDA}.Release|Any CPU.Deploy.0 = Release|Any CPU
		{89C71423-EBD8-4193-B390-468FB64D3EDA}.Release|ARM.ActiveCfg = Release|ARM
		{89C71423-EBD8-4193-B390-468FB64D3EDA}.Release|ARM.Build.0 = Release|ARM
		{89C71423-EBD8-4193-B390-468FB64D3EDA}.Release|ARM.Deploy.0 = Release|ARM
		{89C71423-EBD8-4193-B390-468FB64D3EDA}.Release|iPhone.ActiveCfg = Release|Any CPU
		{89C71423-EBD8-4193-B390-468FB64D3EDA}.Release|iPhone.Build.0 = Release|Any CPU
		{89C71423-EBD8-4193-B390-468FB64D3EDA}.Release|iPhone.Deploy.0 = Release|Any CPU
		{89C71423-EBD8-4193-B390-468FB64D3EDA}.Release|iPhoneSimulator.ActiveCfg = Release|Any CPU
		{89C71423-EBD8-4193-B390-468FB64D3EDA}.Release|iPhoneSimulator.Build.0 = Release|Any CPU
		{89C71423-EBD8-4193-B390-468FB64D3EDA}.Release|iPhoneSimulator.Deploy.0 = Release|Any CPU
		{89C71423-EBD8-4193-B390-468FB64D3EDA}.Release|x64.ActiveCfg = Release|Any CPU
		{89C71423-EBD8-4193-B390-468FB64D3EDA}.Release|x64.Build.0 = Release|Any CPU
		{89C71423-EBD8-4193-B390-468FB64D3EDA}.Release|x64.Deploy.0 = Release|Any CPU
		{89C71423-EBD8-4193-B390-468FB64D3EDA}.Release|x86.ActiveCfg = Release|x86
		{89C71423-EBD8-4193-B390-468FB64D3EDA}.Release|x86.Build.0 = Release|x86
		{89C71423-EBD8-4193-B390-468FB64D3EDA}.Release|x86.Deploy.0 = Release|x86
		{8F5E05B4-03F9-4F0B-9B3E-52FF64FFD41A}.Ad-Hoc|Any CPU.ActiveCfg = Release|x86
		{8F5E05B4-03F9-4F0B-9B3E-52FF64FFD41A}.Ad-Hoc|Any CPU.Build.0 = Release|x86
		{8F5E05B4-03F9-4F0B-9B3E-52FF64FFD41A}.Ad-Hoc|Any CPU.Deploy.0 = Release|x86
		{8F5E05B4-03F9-4F0B-9B3E-52FF64FFD41A}.Ad-Hoc|ARM.ActiveCfg = Release|ARM
		{8F5E05B4-03F9-4F0B-9B3E-52FF64FFD41A}.Ad-Hoc|ARM.Build.0 = Release|ARM
		{8F5E05B4-03F9-4F0B-9B3E-52FF64FFD41A}.Ad-Hoc|ARM.Deploy.0 = Release|ARM
		{8F5E05B4-03F9-4F0B-9B3E-52FF64FFD41A}.Ad-Hoc|iPhone.ActiveCfg = Release|x86
		{8F5E05B4-03F9-4F0B-9B3E-52FF64FFD41A}.Ad-Hoc|iPhone.Build.0 = Release|x86
		{8F5E05B4-03F9-4F0B-9B3E-52FF64FFD41A}.Ad-Hoc|iPhone.Deploy.0 = Release|x86
		{8F5E05B4-03F9-4F0B-9B3E-52FF64FFD41A}.Ad-Hoc|iPhoneSimulator.ActiveCfg = Release|x86
		{8F5E05B4-03F9-4F0B-9B3E-52FF64FFD41A}.Ad-Hoc|iPhoneSimulator.Build.0 = Release|x86
		{8F5E05B4-03F9-4F0B-9B3E-52FF64FFD41A}.Ad-Hoc|iPhoneSimulator.Deploy.0 = Release|x86
		{8F5E05B4-03F9-4F0B-9B3E-52FF64FFD41A}.Ad-Hoc|x64.ActiveCfg = Release|x64
		{8F5E05B4-03F9-4F0B-9B3E-52FF64FFD41A}.Ad-Hoc|x64.Build.0 = Release|x64
		{8F5E05B4-03F9-4F0B-9B3E-52FF64FFD41A}.Ad-Hoc|x64.Deploy.0 = Release|x64
		{8F5E05B4-03F9-4F0B-9B3E-52FF64FFD41A}.Ad-Hoc|x86.ActiveCfg = Release|x86
		{8F5E05B4-03F9-4F0B-9B3E-52FF64FFD41A}.Ad-Hoc|x86.Build.0 = Release|x86
		{8F5E05B4-03F9-4F0B-9B3E-52FF64FFD41A}.Ad-Hoc|x86.Deploy.0 = Release|x86
		{8F5E05B4-03F9-4F0B-9B3E-52FF64FFD41A}.AppStore|Any CPU.ActiveCfg = Release|x86
		{8F5E05B4-03F9-4F0B-9B3E-52FF64FFD41A}.AppStore|Any CPU.Build.0 = Release|x86
		{8F5E05B4-03F9-4F0B-9B3E-52FF64FFD41A}.AppStore|Any CPU.Deploy.0 = Release|x86
		{8F5E05B4-03F9-4F0B-9B3E-52FF64FFD41A}.AppStore|ARM.ActiveCfg = Release|ARM
		{8F5E05B4-03F9-4F0B-9B3E-52FF64FFD41A}.AppStore|ARM.Build.0 = Release|ARM
		{8F5E05B4-03F9-4F0B-9B3E-52FF64FFD41A}.AppStore|ARM.Deploy.0 = Release|ARM
		{8F5E05B4-03F9-4F0B-9B3E-52FF64FFD41A}.AppStore|iPhone.ActiveCfg = Release|x86
		{8F5E05B4-03F9-4F0B-9B3E-52FF64FFD41A}.AppStore|iPhone.Build.0 = Release|x86
		{8F5E05B4-03F9-4F0B-9B3E-52FF64FFD41A}.AppStore|iPhone.Deploy.0 = Release|x86
		{8F5E05B4-03F9-4F0B-9B3E-52FF64FFD41A}.AppStore|iPhoneSimulator.ActiveCfg = Release|x86
		{8F5E05B4-03F9-4F0B-9B3E-52FF64FFD41A}.AppStore|iPhoneSimulator.Build.0 = Release|x86
		{8F5E05B4-03F9-4F0B-9B3E-52FF64FFD41A}.AppStore|iPhoneSimulator.Deploy.0 = Release|x86
		{8F5E05B4-03F9-4F0B-9B3E-52FF64FFD41A}.AppStore|x64.ActiveCfg = Release|x64
		{8F5E05B4-03F9-4F0B-9B3E-52FF64FFD41A}.AppStore|x64.Build.0 = Release|x64
		{8F5E05B4-03F9-4F0B-9B3E-52FF64FFD41A}.AppStore|x64.Deploy.0 = Release|x64
		{8F5E05B4-03F9-4F0B-9B3E-52FF64FFD41A}.AppStore|x86.ActiveCfg = Release|x86
		{8F5E05B4-03F9-4F0B-9B3E-52FF64FFD41A}.AppStore|x86.Build.0 = Release|x86
		{8F5E05B4-03F9-4F0B-9B3E-52FF64FFD41A}.AppStore|x86.Deploy.0 = Release|x86
		{8F5E05B4-03F9-4F0B-9B3E-52FF64FFD41A}.Debug|Any CPU.ActiveCfg = Debug|x86
		{8F5E05B4-03F9-4F0B-9B3E-52FF64FFD41A}.Debug|Any CPU.Build.0 = Debug|x86
		{8F5E05B4-03F9-4F0B-9B3E-52FF64FFD41A}.Debug|Any CPU.Deploy.0 = Debug|x86
		{8F5E05B4-03F9-4F0B-9B3E-52FF64FFD41A}.Debug|ARM.ActiveCfg = Debug|ARM
		{8F5E05B4-03F9-4F0B-9B3E-52FF64FFD41A}.Debug|ARM.Build.0 = Debug|ARM
		{8F5E05B4-03F9-4F0B-9B3E-52FF64FFD41A}.Debug|ARM.Deploy.0 = Debug|ARM
		{8F5E05B4-03F9-4F0B-9B3E-52FF64FFD41A}.Debug|iPhone.ActiveCfg = Debug|x86
		{8F5E05B4-03F9-4F0B-9B3E-52FF64FFD41A}.Debug|iPhoneSimulator.ActiveCfg = Debug|x86
		{8F5E05B4-03F9-4F0B-9B3E-52FF64FFD41A}.Debug|x64.ActiveCfg = Debug|x64
		{8F5E05B4-03F9-4F0B-9B3E-52FF64FFD41A}.Debug|x64.Build.0 = Debug|x64
		{8F5E05B4-03F9-4F0B-9B3E-52FF64FFD41A}.Debug|x64.Deploy.0 = Debug|x64
		{8F5E05B4-03F9-4F0B-9B3E-52FF64FFD41A}.Debug|x86.ActiveCfg = Debug|x86
		{8F5E05B4-03F9-4F0B-9B3E-52FF64FFD41A}.Debug|x86.Build.0 = Debug|x86
		{8F5E05B4-03F9-4F0B-9B3E-52FF64FFD41A}.Debug|x86.Deploy.0 = Debug|x86
		{8F5E05B4-03F9-4F0B-9B3E-52FF64FFD41A}.Release|Any CPU.ActiveCfg = Release|x86
		{8F5E05B4-03F9-4F0B-9B3E-52FF64FFD41A}.Release|ARM.ActiveCfg = Release|ARM
		{8F5E05B4-03F9-4F0B-9B3E-52FF64FFD41A}.Release|ARM.Build.0 = Release|ARM
		{8F5E05B4-03F9-4F0B-9B3E-52FF64FFD41A}.Release|ARM.Deploy.0 = Release|ARM
		{8F5E05B4-03F9-4F0B-9B3E-52FF64FFD41A}.Release|iPhone.ActiveCfg = Release|x86
		{8F5E05B4-03F9-4F0B-9B3E-52FF64FFD41A}.Release|iPhoneSimulator.ActiveCfg = Release|x86
		{8F5E05B4-03F9-4F0B-9B3E-52FF64FFD41A}.Release|x64.ActiveCfg = Release|x64
		{8F5E05B4-03F9-4F0B-9B3E-52FF64FFD41A}.Release|x64.Build.0 = Release|x64
		{8F5E05B4-03F9-4F0B-9B3E-52FF64FFD41A}.Release|x64.Deploy.0 = Release|x64
		{8F5E05B4-03F9-4F0B-9B3E-52FF64FFD41A}.Release|x86.ActiveCfg = Release|x86
		{8F5E05B4-03F9-4F0B-9B3E-52FF64FFD41A}.Release|x86.Build.0 = Release|x86
		{8F5E05B4-03F9-4F0B-9B3E-52FF64FFD41A}.Release|x86.Deploy.0 = Release|x86
		{E420FC23-19A0-4D16-9A40-ECBCBA77F1E7}.Ad-Hoc|Any CPU.ActiveCfg = Release|Any CPU
		{E420FC23-19A0-4D16-9A40-ECBCBA77F1E7}.Ad-Hoc|Any CPU.Build.0 = Release|Any CPU
		{E420FC23-19A0-4D16-9A40-ECBCBA77F1E7}.Ad-Hoc|Any CPU.Deploy.0 = Release|Any CPU
		{E420FC23-19A0-4D16-9A40-ECBCBA77F1E7}.Ad-Hoc|ARM.ActiveCfg = Release|ARM
		{E420FC23-19A0-4D16-9A40-ECBCBA77F1E7}.Ad-Hoc|ARM.Build.0 = Release|ARM
		{E420FC23-19A0-4D16-9A40-ECBCBA77F1E7}.Ad-Hoc|ARM.Deploy.0 = Release|ARM
		{E420FC23-19A0-4D16-9A40-ECBCBA77F1E7}.Ad-Hoc|iPhone.ActiveCfg = Release|Any CPU
		{E420FC23-19A0-4D16-9A40-ECBCBA77F1E7}.Ad-Hoc|iPhone.Build.0 = Release|Any CPU
		{E420FC23-19A0-4D16-9A40-ECBCBA77F1E7}.Ad-Hoc|iPhone.Deploy.0 = Release|Any CPU
		{E420FC23-19A0-4D16-9A40-ECBCBA77F1E7}.Ad-Hoc|iPhoneSimulator.ActiveCfg = Release|Any CPU
		{E420FC23-19A0-4D16-9A40-ECBCBA77F1E7}.Ad-Hoc|iPhoneSimulator.Build.0 = Release|Any CPU
		{E420FC23-19A0-4D16-9A40-ECBCBA77F1E7}.Ad-Hoc|iPhoneSimulator.Deploy.0 = Release|Any CPU
		{E420FC23-19A0-4D16-9A40-ECBCBA77F1E7}.Ad-Hoc|x64.ActiveCfg = Release|x64
		{E420FC23-19A0-4D16-9A40-ECBCBA77F1E7}.Ad-Hoc|x64.Build.0 = Release|x64
		{E420FC23-19A0-4D16-9A40-ECBCBA77F1E7}.Ad-Hoc|x64.Deploy.0 = Release|x64
		{E420FC23-19A0-4D16-9A40-ECBCBA77F1E7}.Ad-Hoc|x86.ActiveCfg = Release|x86
		{E420FC23-19A0-4D16-9A40-ECBCBA77F1E7}.Ad-Hoc|x86.Build.0 = Release|x86
		{E420FC23-19A0-4D16-9A40-ECBCBA77F1E7}.Ad-Hoc|x86.Deploy.0 = Release|x86
		{E420FC23-19A0-4D16-9A40-ECBCBA77F1E7}.AppStore|Any CPU.ActiveCfg = Release|Any CPU
		{E420FC23-19A0-4D16-9A40-ECBCBA77F1E7}.AppStore|Any CPU.Build.0 = Release|Any CPU
		{E420FC23-19A0-4D16-9A40-ECBCBA77F1E7}.AppStore|Any CPU.Deploy.0 = Release|Any CPU
		{E420FC23-19A0-4D16-9A40-ECBCBA77F1E7}.AppStore|ARM.ActiveCfg = Release|ARM
		{E420FC23-19A0-4D16-9A40-ECBCBA77F1E7}.AppStore|ARM.Build.0 = Release|ARM
		{E420FC23-19A0-4D16-9A40-ECBCBA77F1E7}.AppStore|ARM.Deploy.0 = Release|ARM
		{E420FC23-19A0-4D16-9A40-ECBCBA77F1E7}.AppStore|iPhone.ActiveCfg = Release|Any CPU
		{E420FC23-19A0-4D16-9A40-ECBCBA77F1E7}.AppStore|iPhone.Build.0 = Release|Any CPU
		{E420FC23-19A0-4D16-9A40-ECBCBA77F1E7}.AppStore|iPhone.Deploy.0 = Release|Any CPU
		{E420FC23-19A0-4D16-9A40-ECBCBA77F1E7}.AppStore|iPhoneSimulator.ActiveCfg = Release|Any CPU
		{E420FC23-19A0-4D16-9A40-ECBCBA77F1E7}.AppStore|iPhoneSimulator.Build.0 = Release|Any CPU
		{E420FC23-19A0-4D16-9A40-ECBCBA77F1E7}.AppStore|iPhoneSimulator.Deploy.0 = Release|Any CPU
		{E420FC23-19A0-4D16-9A40-ECBCBA77F1E7}.AppStore|x64.ActiveCfg = Release|x64
		{E420FC23-19A0-4D16-9A40-ECBCBA77F1E7}.AppStore|x64.Build.0 = Release|x64
		{E420FC23-19A0-4D16-9A40-ECBCBA77F1E7}.AppStore|x64.Deploy.0 = Release|x64
		{E420FC23-19A0-4D16-9A40-ECBCBA77F1E7}.AppStore|x86.ActiveCfg = Release|x86
		{E420FC23-19A0-4D16-9A40-ECBCBA77F1E7}.AppStore|x86.Build.0 = Release|x86
		{E420FC23-19A0-4D16-9A40-ECBCBA77F1E7}.AppStore|x86.Deploy.0 = Release|x86
		{E420FC23-19A0-4D16-9A40-ECBCBA77F1E7}.Debug|Any CPU.ActiveCfg = Debug|Any CPU
		{E420FC23-19A0-4D16-9A40-ECBCBA77F1E7}.Debug|Any CPU.Build.0 = Debug|Any CPU
		{E420FC23-19A0-4D16-9A40-ECBCBA77F1E7}.Debug|Any CPU.Deploy.0 = Debug|Any CPU
		{E420FC23-19A0-4D16-9A40-ECBCBA77F1E7}.Debug|ARM.ActiveCfg = Debug|ARM
		{E420FC23-19A0-4D16-9A40-ECBCBA77F1E7}.Debug|ARM.Build.0 = Debug|ARM
		{E420FC23-19A0-4D16-9A40-ECBCBA77F1E7}.Debug|ARM.Deploy.0 = Debug|ARM
		{E420FC23-19A0-4D16-9A40-ECBCBA77F1E7}.Debug|iPhone.ActiveCfg = Debug|Any CPU
		{E420FC23-19A0-4D16-9A40-ECBCBA77F1E7}.Debug|iPhone.Build.0 = Debug|Any CPU
		{E420FC23-19A0-4D16-9A40-ECBCBA77F1E7}.Debug|iPhone.Deploy.0 = Debug|Any CPU
		{E420FC23-19A0-4D16-9A40-ECBCBA77F1E7}.Debug|iPhoneSimulator.ActiveCfg = Debug|Any CPU
		{E420FC23-19A0-4D16-9A40-ECBCBA77F1E7}.Debug|iPhoneSimulator.Build.0 = Debug|Any CPU
		{E420FC23-19A0-4D16-9A40-ECBCBA77F1E7}.Debug|iPhoneSimulator.Deploy.0 = Debug|Any CPU
		{E420FC23-19A0-4D16-9A40-ECBCBA77F1E7}.Debug|x64.ActiveCfg = Debug|x64
		{E420FC23-19A0-4D16-9A40-ECBCBA77F1E7}.Debug|x64.Build.0 = Debug|x64
		{E420FC23-19A0-4D16-9A40-ECBCBA77F1E7}.Debug|x64.Deploy.0 = Debug|x64
		{E420FC23-19A0-4D16-9A40-ECBCBA77F1E7}.Debug|x86.ActiveCfg = Debug|x86
		{E420FC23-19A0-4D16-9A40-ECBCBA77F1E7}.Debug|x86.Build.0 = Debug|x86
		{E420FC23-19A0-4D16-9A40-ECBCBA77F1E7}.Debug|x86.Deploy.0 = Debug|x86
		{E420FC23-19A0-4D16-9A40-ECBCBA77F1E7}.Release|Any CPU.ActiveCfg = Release|Any CPU
		{E420FC23-19A0-4D16-9A40-ECBCBA77F1E7}.Release|Any CPU.Build.0 = Release|Any CPU
		{E420FC23-19A0-4D16-9A40-ECBCBA77F1E7}.Release|Any CPU.Deploy.0 = Release|Any CPU
		{E420FC23-19A0-4D16-9A40-ECBCBA77F1E7}.Release|ARM.ActiveCfg = Release|ARM
		{E420FC23-19A0-4D16-9A40-ECBCBA77F1E7}.Release|ARM.Build.0 = Release|ARM
		{E420FC23-19A0-4D16-9A40-ECBCBA77F1E7}.Release|ARM.Deploy.0 = Release|ARM
		{E420FC23-19A0-4D16-9A40-ECBCBA77F1E7}.Release|iPhone.ActiveCfg = Release|Any CPU
		{E420FC23-19A0-4D16-9A40-ECBCBA77F1E7}.Release|iPhone.Build.0 = Release|Any CPU
		{E420FC23-19A0-4D16-9A40-ECBCBA77F1E7}.Release|iPhone.Deploy.0 = Release|Any CPU
		{E420FC23-19A0-4D16-9A40-ECBCBA77F1E7}.Release|iPhoneSimulator.ActiveCfg = Release|Any CPU
		{E420FC23-19A0-4D16-9A40-ECBCBA77F1E7}.Release|iPhoneSimulator.Build.0 = Release|Any CPU
		{E420FC23-19A0-4D16-9A40-ECBCBA77F1E7}.Release|iPhoneSimulator.Deploy.0 = Release|Any CPU
		{E420FC23-19A0-4D16-9A40-ECBCBA77F1E7}.Release|x64.ActiveCfg = Release|x64
		{E420FC23-19A0-4D16-9A40-ECBCBA77F1E7}.Release|x64.Build.0 = Release|x64
		{E420FC23-19A0-4D16-9A40-ECBCBA77F1E7}.Release|x64.Deploy.0 = Release|x64
		{E420FC23-19A0-4D16-9A40-ECBCBA77F1E7}.Release|x86.ActiveCfg = Release|x86
		{E420FC23-19A0-4D16-9A40-ECBCBA77F1E7}.Release|x86.Build.0 = Release|x86
		{E420FC23-19A0-4D16-9A40-ECBCBA77F1E7}.Release|x86.Deploy.0 = Release|x86
		{BF306792-DC53-411C-8C4E-966EF6AF09BB}.Ad-Hoc|Any CPU.ActiveCfg = Release|Any CPU
		{BF306792-DC53-411C-8C4E-966EF6AF09BB}.Ad-Hoc|Any CPU.Build.0 = Release|Any CPU
		{BF306792-DC53-411C-8C4E-966EF6AF09BB}.Ad-Hoc|ARM.ActiveCfg = Release|Any CPU
		{BF306792-DC53-411C-8C4E-966EF6AF09BB}.Ad-Hoc|ARM.Build.0 = Release|Any CPU
		{BF306792-DC53-411C-8C4E-966EF6AF09BB}.Ad-Hoc|iPhone.ActiveCfg = Release|Any CPU
		{BF306792-DC53-411C-8C4E-966EF6AF09BB}.Ad-Hoc|iPhone.Build.0 = Release|Any CPU
		{BF306792-DC53-411C-8C4E-966EF6AF09BB}.Ad-Hoc|iPhoneSimulator.ActiveCfg = Release|Any CPU
		{BF306792-DC53-411C-8C4E-966EF6AF09BB}.Ad-Hoc|iPhoneSimulator.Build.0 = Release|Any CPU
		{BF306792-DC53-411C-8C4E-966EF6AF09BB}.Ad-Hoc|x64.ActiveCfg = Release|Any CPU
		{BF306792-DC53-411C-8C4E-966EF6AF09BB}.Ad-Hoc|x64.Build.0 = Release|Any CPU
		{BF306792-DC53-411C-8C4E-966EF6AF09BB}.Ad-Hoc|x86.ActiveCfg = Release|Any CPU
		{BF306792-DC53-411C-8C4E-966EF6AF09BB}.Ad-Hoc|x86.Build.0 = Release|Any CPU
		{BF306792-DC53-411C-8C4E-966EF6AF09BB}.AppStore|Any CPU.ActiveCfg = Release|Any CPU
		{BF306792-DC53-411C-8C4E-966EF6AF09BB}.AppStore|Any CPU.Build.0 = Release|Any CPU
		{BF306792-DC53-411C-8C4E-966EF6AF09BB}.AppStore|ARM.ActiveCfg = Release|Any CPU
		{BF306792-DC53-411C-8C4E-966EF6AF09BB}.AppStore|ARM.Build.0 = Release|Any CPU
		{BF306792-DC53-411C-8C4E-966EF6AF09BB}.AppStore|iPhone.ActiveCfg = Release|Any CPU
		{BF306792-DC53-411C-8C4E-966EF6AF09BB}.AppStore|iPhone.Build.0 = Release|Any CPU
		{BF306792-DC53-411C-8C4E-966EF6AF09BB}.AppStore|iPhoneSimulator.ActiveCfg = Release|Any CPU
		{BF306792-DC53-411C-8C4E-966EF6AF09BB}.AppStore|iPhoneSimulator.Build.0 = Release|Any CPU
		{BF306792-DC53-411C-8C4E-966EF6AF09BB}.AppStore|x64.ActiveCfg = Release|Any CPU
		{BF306792-DC53-411C-8C4E-966EF6AF09BB}.AppStore|x64.Build.0 = Release|Any CPU
		{BF306792-DC53-411C-8C4E-966EF6AF09BB}.AppStore|x86.ActiveCfg = Release|Any CPU
		{BF306792-DC53-411C-8C4E-966EF6AF09BB}.AppStore|x86.Build.0 = Release|Any CPU
		{BF306792-DC53-411C-8C4E-966EF6AF09BB}.Debug|Any CPU.ActiveCfg = Debug|Any CPU
		{BF306792-DC53-411C-8C4E-966EF6AF09BB}.Debug|Any CPU.Build.0 = Debug|Any CPU
		{BF306792-DC53-411C-8C4E-966EF6AF09BB}.Debug|ARM.ActiveCfg = Debug|Any CPU
		{BF306792-DC53-411C-8C4E-966EF6AF09BB}.Debug|ARM.Build.0 = Debug|Any CPU
		{BF306792-DC53-411C-8C4E-966EF6AF09BB}.Debug|iPhone.ActiveCfg = Debug|Any CPU
		{BF306792-DC53-411C-8C4E-966EF6AF09BB}.Debug|iPhone.Build.0 = Debug|Any CPU
		{BF306792-DC53-411C-8C4E-966EF6AF09BB}.Debug|iPhoneSimulator.ActiveCfg = Debug|Any CPU
		{BF306792-DC53-411C-8C4E-966EF6AF09BB}.Debug|iPhoneSimulator.Build.0 = Debug|Any CPU
		{BF306792-DC53-411C-8C4E-966EF6AF09BB}.Debug|x64.ActiveCfg = Debug|Any CPU
		{BF306792-DC53-411C-8C4E-966EF6AF09BB}.Debug|x64.Build.0 = Debug|Any CPU
		{BF306792-DC53-411C-8C4E-966EF6AF09BB}.Debug|x86.ActiveCfg = Debug|Any CPU
		{BF306792-DC53-411C-8C4E-966EF6AF09BB}.Debug|x86.Build.0 = Debug|Any CPU
		{BF306792-DC53-411C-8C4E-966EF6AF09BB}.Release|Any CPU.ActiveCfg = Release|Any CPU
		{BF306792-DC53-411C-8C4E-966EF6AF09BB}.Release|Any CPU.Build.0 = Release|Any CPU
		{BF306792-DC53-411C-8C4E-966EF6AF09BB}.Release|ARM.ActiveCfg = Release|Any CPU
		{BF306792-DC53-411C-8C4E-966EF6AF09BB}.Release|ARM.Build.0 = Release|Any CPU
		{BF306792-DC53-411C-8C4E-966EF6AF09BB}.Release|iPhone.ActiveCfg = Release|Any CPU
		{BF306792-DC53-411C-8C4E-966EF6AF09BB}.Release|iPhone.Build.0 = Release|Any CPU
		{BF306792-DC53-411C-8C4E-966EF6AF09BB}.Release|iPhoneSimulator.ActiveCfg = Release|Any CPU
		{BF306792-DC53-411C-8C4E-966EF6AF09BB}.Release|iPhoneSimulator.Build.0 = Release|Any CPU
		{BF306792-DC53-411C-8C4E-966EF6AF09BB}.Release|x64.ActiveCfg = Release|Any CPU
		{BF306792-DC53-411C-8C4E-966EF6AF09BB}.Release|x64.Build.0 = Release|Any CPU
		{BF306792-DC53-411C-8C4E-966EF6AF09BB}.Release|x86.ActiveCfg = Release|Any CPU
		{BF306792-DC53-411C-8C4E-966EF6AF09BB}.Release|x86.Build.0 = Release|Any CPU
	EndGlobalSection
	GlobalSection(SolutionProperties) = preSolution
		HideSolutionNode = FALSE
	EndGlobalSection
	GlobalSection(NestedProjects) = preSolution
		{CF3A2BC3-7205-45AC-B4AF-93461CB44791} = {963C9C0A-32EC-44DF-89F3-9E92CF63F3F7}
		{EFC8C64B-0B0E-4AEF-8904-0B48754046BD} = {963C9C0A-32EC-44DF-89F3-9E92CF63F3F7}
		{D810B085-E00A-465E-A90F-749A041F4D06} = {963C9C0A-32EC-44DF-89F3-9E92CF63F3F7}
		{89C71423-EBD8-4193-B390-468FB64D3EDA} = {963C9C0A-32EC-44DF-89F3-9E92CF63F3F7}
		{8F5E05B4-03F9-4F0B-9B3E-52FF64FFD41A} = {963C9C0A-32EC-44DF-89F3-9E92CF63F3F7}
		{E420FC23-19A0-4D16-9A40-ECBCBA77F1E7} = {963C9C0A-32EC-44DF-89F3-9E92CF63F3F7}
		{BF306792-DC53-411C-8C4E-966EF6AF09BB} = {8B495A25-FA96-45E5-921F-A4A53C9CB6C9}
	EndGlobalSection
EndGlobal
